
Microsoft Visual Studio Solution File, Format Version 12.00
Project("{FAE04EC0-301F-11D3-BF4B-00C04F79EFBC}") = "GenericSample_01", "GenericSample_01\GenericSample_01.csproj", "{6682D769-C1C9-479B-84B5-1E0DC8B6C597}"
EndProject
Project("{FAE04EC0-301F-11D3-BF4B-00C04F79EFBC}") = "GenericSample_02", "GenericSample_02\GenericSample_02.csproj", "{FED6F644-94F0-4F4E-9139-30B1FF8B2EDE}"
EndProject
Project("{FAE04EC0-301F-11D3-BF4B-00C04F79EFBC}") = "GenericSample_03", "GenericSample_03\GenericSample_03.csproj", "{9944E003-32AD-4AC6-8094-39B0ED77CE85}"
EndProject
Project("{FAE04EC0-301F-11D3-BF4B-00C04F79EFBC}") = "GenericSample_04", "GenericSample_04\GenericSample_04.csproj", "{9C18B206-A199-4C2C-984F-652FA197692B}"
EndProject
Project("{FAE04EC0-301F-11D3-BF4B-00C04F79EFBC}") = "GenericSample_05", "GenericSample_05\GenericSample_05.csproj", "{FF5A7713-D56E-4266-9020-18AA2ED07566}"
EndProject
Project("{FAE04EC0-301F-11D3-BF4B-00C04F79EFBC}") = "GenericSample_06", "GenericSample_06\GenericSample_06.csproj", "{2FDCF600-1584-4BFA-B486-F81E9143E84B}"
EndProject
Project("{FAE04EC0-301F-11D3-BF4B-00C04F79EFBC}") = "GenericSample_07", "GenericSample_07\GenericSample_07.csproj", "{BAD86B44-1A43-4C37-8466-6290EB3180E4}"
EndProject
Project("{FAE04EC0-301F-11D3-BF4B-00C04F79EFBC}") = "GenericSample_08", "GenericSample_08\GenericSample_08.csproj", "{77F77CB4-2771-40A5-A929-92C47BF105DF}"
EndProject
Project("{FAE04EC0-301F-11D3-BF4B-00C04F79EFBC}") = "GenericSample_09", "GenericSample_09\GenericSample_09.csproj", "{B476C950-A809-468F-ABA9-629F713EBFC4}"
EndProject
Project("{FAE04EC0-301F-11D3-BF4B-00C04F79EFBC}") = "GenericSample_10", "GenericSample_10\GenericSample_10.csproj", "{16854D56-10CB-4547-849B-1EC72FE267F0}"
EndProject
Project("{FAE04EC0-301F-11D3-BF4B-00C04F79EFBC}") = "GenericSample_11", "GenericSample_11\GenericSample_11.csproj", "{F9BF8EED-C0B5-4F4C-BD3F-4342685BC9DA}"
EndProject
Project("{FAE04EC0-301F-11D3-BF4B-00C04F79EFBC}") = "GenericSample_12", "GenericSample_12\GenericSample_12.csproj", "{3356CF31-728B-4841-969B-1398A5AE56F2}"
EndProject
Project("{FAE04EC0-301F-11D3-BF4B-00C04F79EFBC}") = "FuncSample_1", "FuncSample_1\FuncSample_1.csproj", "{8AD4BFDA-DC7E-47EC-BF04-44A32B5AEC8D}"
EndProject
Global
	GlobalSection(SolutionConfigurationPlatforms) = preSolution
		Debug|Any CPU = Debug|Any CPU
		Release|Any CPU = Release|Any CPU
	EndGlobalSection
	GlobalSection(ProjectConfigurationPlatforms) = postSolution
		{6682D769-C1C9-479B-84B5-1E0DC8B6C597}.Debug|Any CPU.ActiveCfg = Debug|Any CPU
		{6682D769-C1C9-479B-84B5-1E0DC8B6C597}.Debug|Any CPU.Build.0 = Debug|Any CPU
		{6682D769-C1C9-479B-84B5-1E0DC8B6C597}.Release|Any CPU.ActiveCfg = Release|Any CPU
		{6682D769-C1C9-479B-84B5-1E0DC8B6C597}.Release|Any CPU.Build.0 = Release|Any CPU
		{FED6F644-94F0-4F4E-9139-30B1FF8B2EDE}.Debug|Any CPU.ActiveCfg = Debug|Any CPU
		{FED6F644-94F0-4F4E-9139-30B1FF8B2EDE}.Debug|Any CPU.Build.0 = Debug|Any CPU
		{FED6F644-94F0-4F4E-9139-30B1FF8B2EDE}.Release|Any CPU.ActiveCfg = Release|Any CPU
		{FED6F644-94F0-4F4E-9139-30B1FF8B2EDE}.Release|Any CPU.Build.0 = Release|Any CPU
		{9944E003-32AD-4AC6-8094-39B0ED77CE85}.Debug|Any CPU.ActiveCfg = Debug|Any CPU
		{9944E003-32AD-4AC6-8094-39B0ED77CE85}.Debug|Any CPU.Build.0 = Debug|Any CPU
		{9944E003-32AD-4AC6-8094-39B0ED77CE85}.Release|Any CPU.ActiveCfg = Release|Any CPU
		{9944E003-32AD-4AC6-8094-39B0ED77CE85}.Release|Any CPU.Build.0 = Release|Any CPU
		{9C18B206-A199-4C2C-984F-652FA197692B}.Debug|Any CPU.ActiveCfg = Debug|Any CPU
		{9C18B206-A199-4C2C-984F-652FA197692B}.Debug|Any CPU.Build.0 = Debug|Any CPU
		{9C18B206-A199-4C2C-984F-652FA197692B}.Release|Any CPU.ActiveCfg = Release|Any CPU
		{9C18B206-A199-4C2C-984F-652FA197692B}.Release|Any CPU.Build.0 = Release|Any CPU
		{FF5A7713-D56E-4266-9020-18AA2ED07566}.Debug|Any CPU.ActiveCfg = Debug|Any CPU
		{FF5A7713-D56E-4266-9020-18AA2ED07566}.Debug|Any CPU.Build.0 = Debug|Any CPU
		{FF5A7713-D56E-4266-9020-18AA2ED07566}.Release|Any CPU.ActiveCfg = Release|Any CPU
		{FF5A7713-D56E-4266-9020-18AA2ED07566}.Release|Any CPU.Build.0 = Release|Any CPU
		{2FDCF600-1584-4BFA-B486-F81E9143E84B}.Debug|Any CPU.ActiveCfg = Debug|Any CPU
		{2FDCF600-1584-4BFA-B486-F81E9143E84B}.Debug|Any CPU.Build.0 = Debug|Any CPU
		{2FDCF600-1584-4BFA-B486-F81E9143E84B}.Release|Any CPU.ActiveCfg = Release|Any CPU
		{2FDCF600-1584-4BFA-B486-F81E9143E84B}.Release|Any CPU.Build.0 = Release|Any CPU
		{BAD86B44-1A43-4C37-8466-6290EB3180E4}.Debug|Any CPU.ActiveCfg = Debug|Any CPU
		{BAD86B44-1A43-4C37-8466-6290EB3180E4}.Debug|Any CPU.Build.0 = Debug|Any CPU
		{BAD86B44-1A43-4C37-8466-6290EB3180E4}.Release|Any CPU.ActiveCfg = Release|Any CPU
		{BAD86B44-1A43-4C37-8466-6290EB3180E4}.Release|Any CPU.Build.0 = Release|Any CPU
		{77F77CB4-2771-40A5-A929-92C47BF105DF}.Debug|Any CPU.ActiveCfg = Debug|Any CPU
		{77F77CB4-2771-40A5-A929-92C47BF105DF}.Debug|Any CPU.Build.0 = Debug|Any CPU
		{77F77CB4-2771-40A5-A929-92C47BF105DF}.Release|Any CPU.ActiveCfg = Release|Any CPU
		{77F77CB4-2771-40A5-A929-92C47BF105DF}.Release|Any CPU.Build.0 = Release|Any CPU
		{B476C950-A809-468F-ABA9-629F713EBFC4}.Debug|Any CPU.ActiveCfg = Debug|Any CPU
		{B476C950-A809-468F-ABA9-629F713EBFC4}.Debug|Any CPU.Build.0 = Debug|Any CPU
		{B476C950-A809-468F-ABA9-629F713EBFC4}.Release|Any CPU.ActiveCfg = Release|Any CPU
		{B476C950-A809-468F-ABA9-629F713EBFC4}.Release|Any CPU.Build.0 = Release|Any CPU
		{16854D56-10CB-4547-849B-1EC72FE267F0}.Debug|Any CPU.ActiveCfg = Debug|Any CPU
		{16854D56-10CB-4547-849B-1EC72FE267F0}.Debug|Any CPU.Build.0 = Debug|Any CPU
		{16854D56-10CB-4547-849B-1EC72FE267F0}.Release|Any CPU.ActiveCfg = Release|Any CPU
		{16854D56-10CB-4547-849B-1EC72FE267F0}.Release|Any CPU.Build.0 = Release|Any CPU
		{F9BF8EED-C0B5-4F4C-BD3F-4342685BC9DA}.Debug|Any CPU.ActiveCfg = Debug|Any CPU
		{F9BF8EED-C0B5-4F4C-BD3F-4342685BC9DA}.Debug|Any CPU.Build.0 = Debug|Any CPU
		{F9BF8EED-C0B5-4F4C-BD3F-4342685BC9DA}.Release|Any CPU.ActiveCfg = Release|Any CPU
		{F9BF8EED-C0B5-4F4C-BD3F-4342685BC9DA}.Release|Any CPU.Build.0 = Release|Any CPU
		{3356CF31-728B-4841-969B-1398A5AE56F2}.Debug|Any CPU.ActiveCfg = Debug|Any CPU
		{3356CF31-728B-4841-969B-1398A5AE56F2}.Debug|Any CPU.Build.0 = Debug|Any CPU
		{3356CF31-728B-4841-969B-1398A5AE56F2}.Release|Any CPU.ActiveCfg = Release|Any CPU
		{3356CF31-728B-4841-969B-1398A5AE56F2}.Release|Any CPU.Build.0 = Release|Any CPU
		{8AD4BFDA-DC7E-47EC-BF04-44A32B5AEC8D}.Debug|Any CPU.ActiveCfg = Debug|Any CPU
		{8AD4BFDA-DC7E-47EC-BF04-44A32B5AEC8D}.Debug|Any CPU.Build.0 = Debug|Any CPU
		{8AD4BFDA-DC7E-47EC-BF04-44A32B5AEC8D}.Release|Any CPU.ActiveCfg = Release|Any CPU
		{8AD4BFDA-DC7E-47EC-BF04-44A32B5AEC8D}.Release|Any CPU.Build.0 = Release|Any CPU
	EndGlobalSection
EndGlobal
