
Microsoft Visual Studio Solution File, Format Version 12.00
Project("{FAE04EC0-301F-11D3-BF4B-00C04F79EFBC}") = "GenericSample_01", "GenericSample_01\GenericSample_01.csproj", "{6682D769-C1C9-479B-84B5-1E0DC8B6C597}"
EndProject
Project("{FAE04EC0-301F-11D3-BF4B-00C04F79EFBC}") = "GenericSample_02", "GenericSample_02\GenericSample_02.csproj", "{FED6F644-94F0-4F4E-9139-30B1FF8B2EDE}"
EndProject
Project("{FAE04EC0-301F-11D3-BF4B-00C04F79EFBC}") = "GenericSample_03", "GenericSample_03\GenericSample_03.csproj", "{9944E003-32AD-4AC6-8094-39B0ED77CE85}"
EndProject
Project("{FAE04EC0-301F-11D3-BF4B-00C04F79EFBC}") = "GenericSample_04", "GenericSample_04\GenericSample_04.csproj", "{9C18B206-A199-4C2C-984F-652FA197692B}"
EndProject
Project("{FAE04EC0-301F-11D3-BF4B-00C04F79EFBC}") = "GenericSample_05", "GenericSample_05\GenericSample_05.csproj", "{FF5A7713-D56E-4266-9020-18AA2ED07566}"
EndProject
Project("{FAE04EC0-301F-11D3-BF4B-00C04F79EFBC}") = "GenericSample_06", "GenericSample_06\GenericSample_06.csproj", "{2FDCF600-1584-4BFA-B486-F81E9143E84B}"
EndProject
Project("{FAE04EC0-301F-11D3-BF4B-00C04F79EFBC}") = "GenericSample_07", "GenericSample_07\GenericSample_07.csproj", "{BAD86B44-1A43-4C37-8466-6290EB3180E4}"
EndProject
Project("{FAE04EC0-301F-11D3-BF4B-00C04F79EFBC}") = "GenericSample_08", "GenericSample_08\GenericSample_08.csproj", "{77F77CB4-2771-40A5-A929-92C47BF105DF}"
EndProject
Project("{FAE04EC0-301F-11D3-BF4B-00C04F79EFBC}") = "GenericSample_09", "GenericSample_09\GenericSample_09.csproj", "{B476C950-A809-468F-ABA9-629F713EBFC4}"
EndProject
Project("{FAE04EC0-301F-11D3-BF4B-00C04F79EFBC}") = "GenericSample_10", "GenericSample_10\GenericSample_10.csproj", "{16854D56-10CB-4547-849B-1EC72FE267F0}"
EndProject
Project("{FAE04EC0-301F-11D3-BF4B-00C04F79EFBC}") = "GenericSample_11", "GenericSample_11\GenericSample_11.csproj", "{F9BF8EED-C0B5-4F4C-BD3F-4342685BC9DA}"
EndProject
Project("{FAE04EC0-301F-11D3-BF4B-00C04F79EFBC}") = "GenericSample_12", "GenericSample_12\GenericSample_12.csproj", "{3356CF31-728B-4841-969B-1398A5AE56F2}"
EndProject
Project("{FAE04EC0-301F-11D3-BF4B-00C04F79EFBC}") = "FuncSample_1", "FuncSample_1\FuncSample_1.csproj", "{8AD4BFDA-DC7E-47EC-BF04-44A32B5AEC8D}"
EndProject
Project("{FAE04EC0-301F-11D3-BF4B-00C04F79EFBC}") = "FuncSample_2", "FuncSample_2\FuncSample_2.csproj", "{E710E79F-D75B-44E1-8976-F2417019694C}"
EndProject
Project("{FAE04EC0-301F-11D3-BF4B-00C04F79EFBC}") = "FuncSample_3", "FuncSample_3\FuncSample_3.csproj", "{FCEC2275-BC7F-4CFA-80E8-8599FDDD0EDD}"
EndProject
Project("{FAE04EC0-301F-11D3-BF4B-00C04F79EFBC}") = "ActionSample_1", "ActionSample_1\ActionSample_1.csproj", "{BC9FBFC6-D5C2-4254-94F3-A30DAD5718E2}"
EndProject
Project("{FAE04EC0-301F-11D3-BF4B-00C04F79EFBC}") = "GenericSample_13", "GenericSample_13\GenericSample_13.csproj", "{7240F012-40F8-439E-80C3-38B5E8DB3E8C}"
EndProject
Project("{FAE04EC0-301F-11D3-BF4B-00C04F79EFBC}") = "GenericSample_05_1", "GenericSample_05_1\GenericSample_05_1.csproj", "{C12D096E-9E89-47B5-96D7-57AF7A0B455E}"
EndProject
Project("{2150E333-8FDC-42A3-9474-1A3956D46DE8}") = "Exercise", "Exercise", "{4FBD024A-6C70-4D0A-A104-977D6B54FD62}"
EndProject
Project("{2150E333-8FDC-42A3-9474-1A3956D46DE8}") = "Sample", "Sample", "{C17A8F4A-A959-41B9-BC98-5166AB672FA0}"
EndProject
Project("{FAE04EC0-301F-11D3-BF4B-00C04F79EFBC}") = "WhereExercise", "WhereExercise\WhereExercise.csproj", "{4AA73065-9909-4D70-91FD-70FC90F7094A}"
EndProject
Global
	GlobalSection(SolutionConfigurationPlatforms) = preSolution
		Debug|Any CPU = Debug|Any CPU
		Release|Any CPU = Release|Any CPU
	EndGlobalSection
	GlobalSection(ProjectConfigurationPlatforms) = postSolution
		{6682D769-C1C9-479B-84B5-1E0DC8B6C597}.Debug|Any CPU.ActiveCfg = Debug|Any CPU
		{6682D769-C1C9-479B-84B5-1E0DC8B6C597}.Debug|Any CPU.Build.0 = Debug|Any CPU
		{6682D769-C1C9-479B-84B5-1E0DC8B6C597}.Release|Any CPU.ActiveCfg = Release|Any CPU
		{6682D769-C1C9-479B-84B5-1E0DC8B6C597}.Release|Any CPU.Build.0 = Release|Any CPU
		{FED6F644-94F0-4F4E-9139-30B1FF8B2EDE}.Debug|Any CPU.ActiveCfg = Debug|Any CPU
		{FED6F644-94F0-4F4E-9139-30B1FF8B2EDE}.Debug|Any CPU.Build.0 = Debug|Any CPU
		{FED6F644-94F0-4F4E-9139-30B1FF8B2EDE}.Release|Any CPU.ActiveCfg = Release|Any CPU
		{FED6F644-94F0-4F4E-9139-30B1FF8B2EDE}.Release|Any CPU.Build.0 = Release|Any CPU
		{9944E003-32AD-4AC6-8094-39B0ED77CE85}.Debug|Any CPU.ActiveCfg = Debug|Any CPU
		{9944E003-32AD-4AC6-8094-39B0ED77CE85}.Debug|Any CPU.Build.0 = Debug|Any CPU
		{9944E003-32AD-4AC6-8094-39B0ED77CE85}.Release|Any CPU.ActiveCfg = Release|Any CPU
		{9944E003-32AD-4AC6-8094-39B0ED77CE85}.Release|Any CPU.Build.0 = Release|Any CPU
		{9C18B206-A199-4C2C-984F-652FA197692B}.Debug|Any CPU.ActiveCfg = Debug|Any CPU
		{9C18B206-A199-4C2C-984F-652FA197692B}.Debug|Any CPU.Build.0 = Debug|Any CPU
		{9C18B206-A199-4C2C-984F-652FA197692B}.Release|Any CPU.ActiveCfg = Release|Any CPU
		{9C18B206-A199-4C2C-984F-652FA197692B}.Release|Any CPU.Build.0 = Release|Any CPU
		{FF5A7713-D56E-4266-9020-18AA2ED07566}.Debug|Any CPU.ActiveCfg = Debug|Any CPU
		{FF5A7713-D56E-4266-9020-18AA2ED07566}.Debug|Any CPU.Build.0 = Debug|Any CPU
		{FF5A7713-D56E-4266-9020-18AA2ED07566}.Release|Any CPU.ActiveCfg = Release|Any CPU
		{FF5A7713-D56E-4266-9020-18AA2ED07566}.Release|Any CPU.Build.0 = Release|Any CPU
		{2FDCF600-1584-4BFA-B486-F81E9143E84B}.Debug|Any CPU.ActiveCfg = Debug|Any CPU
		{2FDCF600-1584-4BFA-B486-F81E9143E84B}.Debug|Any CPU.Build.0 = Debug|Any CPU
		{2FDCF600-1584-4BFA-B486-F81E9143E84B}.Release|Any CPU.ActiveCfg = Release|Any CPU
		{2FDCF600-1584-4BFA-B486-F81E9143E84B}.Release|Any CPU.Build.0 = Release|Any CPU
		{BAD86B44-1A43-4C37-8466-6290EB3180E4}.Debug|Any CPU.ActiveCfg = Debug|Any CPU
		{BAD86B44-1A43-4C37-8466-6290EB3180E4}.Debug|Any CPU.Build.0 = Debug|Any CPU
		{BAD86B44-1A43-4C37-8466-6290EB3180E4}.Release|Any CPU.ActiveCfg = Release|Any CPU
		{BAD86B44-1A43-4C37-8466-6290EB3180E4}.Release|Any CPU.Build.0 = Release|Any CPU
		{77F77CB4-2771-40A5-A929-92C47BF105DF}.Debug|Any CPU.ActiveCfg = Debug|Any CPU
		{77F77CB4-2771-40A5-A929-92C47BF105DF}.Debug|Any CPU.Build.0 = Debug|Any CPU
		{77F77CB4-2771-40A5-A929-92C47BF105DF}.Release|Any CPU.ActiveCfg = Release|Any CPU
		{77F77CB4-2771-40A5-A929-92C47BF105DF}.Release|Any CPU.Build.0 = Release|Any CPU
		{B476C950-A809-468F-ABA9-629F713EBFC4}.Debug|Any CPU.ActiveCfg = Debug|Any CPU
		{B476C950-A809-468F-ABA9-629F713EBFC4}.Debug|Any CPU.Build.0 = Debug|Any CPU
		{B476C950-A809-468F-ABA9-629F713EBFC4}.Release|Any CPU.ActiveCfg = Release|Any CPU
		{B476C950-A809-468F-ABA9-629F713EBFC4}.Release|Any CPU.Build.0 = Release|Any CPU
		{16854D56-10CB-4547-849B-1EC72FE267F0}.Debug|Any CPU.ActiveCfg = Debug|Any CPU
		{16854D56-10CB-4547-849B-1EC72FE267F0}.Debug|Any CPU.Build.0 = Debug|Any CPU
		{16854D56-10CB-4547-849B-1EC72FE267F0}.Release|Any CPU.ActiveCfg = Release|Any CPU
		{16854D56-10CB-4547-849B-1EC72FE267F0}.Release|Any CPU.Build.0 = Release|Any CPU
		{F9BF8EED-C0B5-4F4C-BD3F-4342685BC9DA}.Debug|Any CPU.ActiveCfg = Debug|Any CPU
		{F9BF8EED-C0B5-4F4C-BD3F-4342685BC9DA}.Debug|Any CPU.Build.0 = Debug|Any CPU
		{F9BF8EED-C0B5-4F4C-BD3F-4342685BC9DA}.Release|Any CPU.ActiveCfg = Release|Any CPU
		{F9BF8EED-C0B5-4F4C-BD3F-4342685BC9DA}.Release|Any CPU.Build.0 = Release|Any CPU
		{3356CF31-728B-4841-969B-1398A5AE56F2}.Debug|Any CPU.ActiveCfg = Debug|Any CPU
		{3356CF31-728B-4841-969B-1398A5AE56F2}.Debug|Any CPU.Build.0 = Debug|Any CPU
		{3356CF31-728B-4841-969B-1398A5AE56F2}.Release|Any CPU.ActiveCfg = Release|Any CPU
		{3356CF31-728B-4841-969B-1398A5AE56F2}.Release|Any CPU.Build.0 = Release|Any CPU
		{8AD4BFDA-DC7E-47EC-BF04-44A32B5AEC8D}.Debug|Any CPU.ActiveCfg = Debug|Any CPU
		{8AD4BFDA-DC7E-47EC-BF04-44A32B5AEC8D}.Debug|Any CPU.Build.0 = Debug|Any CPU
		{8AD4BFDA-DC7E-47EC-BF04-44A32B5AEC8D}.Release|Any CPU.ActiveCfg = Release|Any CPU
		{8AD4BFDA-DC7E-47EC-BF04-44A32B5AEC8D}.Release|Any CPU.Build.0 = Release|Any CPU
		{E710E79F-D75B-44E1-8976-F2417019694C}.Debug|Any CPU.ActiveCfg = Debug|Any CPU
		{E710E79F-D75B-44E1-8976-F2417019694C}.Debug|Any CPU.Build.0 = Debug|Any CPU
		{E710E79F-D75B-44E1-8976-F2417019694C}.Release|Any CPU.ActiveCfg = Release|Any CPU
		{E710E79F-D75B-44E1-8976-F2417019694C}.Release|Any CPU.Build.0 = Release|Any CPU
		{FCEC2275-BC7F-4CFA-80E8-8599FDDD0EDD}.Debug|Any CPU.ActiveCfg = Debug|Any CPU
		{FCEC2275-BC7F-4CFA-80E8-8599FDDD0EDD}.Debug|Any CPU.Build.0 = Debug|Any CPU
		{FCEC2275-BC7F-4CFA-80E8-8599FDDD0EDD}.Release|Any CPU.ActiveCfg = Release|Any CPU
		{FCEC2275-BC7F-4CFA-80E8-8599FDDD0EDD}.Release|Any CPU.Build.0 = Release|Any CPU
		{BC9FBFC6-D5C2-4254-94F3-A30DAD5718E2}.Debug|Any CPU.ActiveCfg = Debug|Any CPU
		{BC9FBFC6-D5C2-4254-94F3-A30DAD5718E2}.Debug|Any CPU.Build.0 = Debug|Any CPU
		{BC9FBFC6-D5C2-4254-94F3-A30DAD5718E2}.Release|Any CPU.ActiveCfg = Release|Any CPU
		{BC9FBFC6-D5C2-4254-94F3-A30DAD5718E2}.Release|Any CPU.Build.0 = Release|Any CPU
		{7240F012-40F8-439E-80C3-38B5E8DB3E8C}.Debug|Any CPU.ActiveCfg = Debug|Any CPU
		{7240F012-40F8-439E-80C3-38B5E8DB3E8C}.Debug|Any CPU.Build.0 = Debug|Any CPU
		{7240F012-40F8-439E-80C3-38B5E8DB3E8C}.Release|Any CPU.ActiveCfg = Release|Any CPU
		{7240F012-40F8-439E-80C3-38B5E8DB3E8C}.Release|Any CPU.Build.0 = Release|Any CPU
		{C12D096E-9E89-47B5-96D7-57AF7A0B455E}.Debug|Any CPU.ActiveCfg = Debug|Any CPU
		{C12D096E-9E89-47B5-96D7-57AF7A0B455E}.Debug|Any CPU.Build.0 = Debug|Any CPU
		{C12D096E-9E89-47B5-96D7-57AF7A0B455E}.Release|Any CPU.ActiveCfg = Release|Any CPU
		{C12D096E-9E89-47B5-96D7-57AF7A0B455E}.Release|Any CPU.Build.0 = Release|Any CPU
		{4AA73065-9909-4D70-91FD-70FC90F7094A}.Debug|Any CPU.ActiveCfg = Debug|Any CPU
		{4AA73065-9909-4D70-91FD-70FC90F7094A}.Debug|Any CPU.Build.0 = Debug|Any CPU
		{4AA73065-9909-4D70-91FD-70FC90F7094A}.Release|Any CPU.ActiveCfg = Release|Any CPU
		{4AA73065-9909-4D70-91FD-70FC90F7094A}.Release|Any CPU.Build.0 = Release|Any CPU
	EndGlobalSection
	GlobalSection(NestedProjects) = preSolution
		{BC9FBFC6-D5C2-4254-94F3-A30DAD5718E2} = {C17A8F4A-A959-41B9-BC98-5166AB672FA0}
		{8AD4BFDA-DC7E-47EC-BF04-44A32B5AEC8D} = {C17A8F4A-A959-41B9-BC98-5166AB672FA0}
		{E710E79F-D75B-44E1-8976-F2417019694C} = {C17A8F4A-A959-41B9-BC98-5166AB672FA0}
		{FCEC2275-BC7F-4CFA-80E8-8599FDDD0EDD} = {C17A8F4A-A959-41B9-BC98-5166AB672FA0}
		{6682D769-C1C9-479B-84B5-1E0DC8B6C597} = {C17A8F4A-A959-41B9-BC98-5166AB672FA0}
		{FED6F644-94F0-4F4E-9139-30B1FF8B2EDE} = {C17A8F4A-A959-41B9-BC98-5166AB672FA0}
		{9944E003-32AD-4AC6-8094-39B0ED77CE85} = {C17A8F4A-A959-41B9-BC98-5166AB672FA0}
		{9C18B206-A199-4C2C-984F-652FA197692B} = {C17A8F4A-A959-41B9-BC98-5166AB672FA0}
		{FF5A7713-D56E-4266-9020-18AA2ED07566} = {C17A8F4A-A959-41B9-BC98-5166AB672FA0}
		{C12D096E-9E89-47B5-96D7-57AF7A0B455E} = {C17A8F4A-A959-41B9-BC98-5166AB672FA0}
		{2FDCF600-1584-4BFA-B486-F81E9143E84B} = {C17A8F4A-A959-41B9-BC98-5166AB672FA0}
		{BAD86B44-1A43-4C37-8466-6290EB3180E4} = {C17A8F4A-A959-41B9-BC98-5166AB672FA0}
		{77F77CB4-2771-40A5-A929-92C47BF105DF} = {C17A8F4A-A959-41B9-BC98-5166AB672FA0}
		{B476C950-A809-468F-ABA9-629F713EBFC4} = {C17A8F4A-A959-41B9-BC98-5166AB672FA0}
		{16854D56-10CB-4547-849B-1EC72FE267F0} = {C17A8F4A-A959-41B9-BC98-5166AB672FA0}
		{F9BF8EED-C0B5-4F4C-BD3F-4342685BC9DA} = {C17A8F4A-A959-41B9-BC98-5166AB672FA0}
		{3356CF31-728B-4841-969B-1398A5AE56F2} = {C17A8F4A-A959-41B9-BC98-5166AB672FA0}
		{7240F012-40F8-439E-80C3-38B5E8DB3E8C} = {C17A8F4A-A959-41B9-BC98-5166AB672FA0}
		{4AA73065-9909-4D70-91FD-70FC90F7094A} = {4FBD024A-6C70-4D0A-A104-977D6B54FD62}
	EndGlobalSection
EndGlobal
